
Microsoft Visual Studio Solution File, Format Version 12.00
# Visual Studio Version 17
VisualStudioVersion = 17.3.32922.545
MinimumVisualStudioVersion = 10.0.40219.1
Project("{FAE04EC0-301F-11D3-BF4B-00C04F79EFBC}") = "WebAPI", "WebAPI\WebAPI.csproj", "{CA6ECEE5-876D-4C6C-804B-1F46D9DBE3E8}"
EndProject
Global
	GlobalSection(SolutionConfigurationPlatforms) = preSolution
		Debug|Any CPU = Debug|Any CPU
		Release|Any CPU = Release|Any CPU
	EndGlobalSection
	GlobalSection(ProjectConfigurationPlatforms) = postSolution
		{CA6ECEE5-876D-4C6C-804B-1F46D9DBE3E8}.Debug|Any CPU.ActiveCfg = Debug|Any CPU
		{CA6ECEE5-876D-4C6C-804B-1F46D9DBE3E8}.Debug|Any CPU.Build.0 = Debug|Any CPU
		{CA6ECEE5-876D-4C6C-804B-1F46D9DBE3E8}.Release|Any CPU.ActiveCfg = Release|Any CPU
		{CA6ECEE5-876D-4C6C-804B-1F46D9DBE3E8}.Release|Any CPU.Build.0 = Release|Any CPU
	EndGlobalSection
	GlobalSection(SolutionProperties) = preSolution
		HideSolutionNode = FALSE
	EndGlobalSection
	GlobalSection(ExtensibilityGlobals) = postSolution
		SolutionGuid = {5D6B70EB-B757-40C4-81CE-A43EBBC38110}
	EndGlobalSection
EndGlobal
